// !$*UTF8*$!
{
	archiveVersion = 1;
	classes = {
	};
	objectVersion = 46;
	objects = {

/* Begin PBXBuildFile section */
		867FD3361A17BF3600AE7EE4 /* AppDelegate.swift in Sources */ = {isa = PBXBuildFile; fileRef = 867FD3351A17BF3600AE7EE4 /* AppDelegate.swift */; };
		867FD3381A17BF3600AE7EE4 /* ViewController.swift in Sources */ = {isa = PBXBuildFile; fileRef = 867FD3371A17BF3600AE7EE4 /* ViewController.swift */; };
		867FD33B1A17BF3600AE7EE4 /* Main.storyboard in Resources */ = {isa = PBXBuildFile; fileRef = 867FD3391A17BF3600AE7EE4 /* Main.storyboard */; };
		867FD33D1A17BF3600AE7EE4 /* Images.xcassets in Resources */ = {isa = PBXBuildFile; fileRef = 867FD33C1A17BF3600AE7EE4 /* Images.xcassets */; };
		867FD3401A17BF3600AE7EE4 /* LaunchScreen.xib in Resources */ = {isa = PBXBuildFile; fileRef = 867FD33E1A17BF3600AE7EE4 /* LaunchScreen.xib */; };
		867FD34C1A17BF3600AE7EE4 /* StormyTests.swift in Sources */ = {isa = PBXBuildFile; fileRef = 867FD34B1A17BF3600AE7EE4 /* StormyTests.swift */; };
		867FD3561A19022700AE7EE4 /* Current.swift in Sources */ = {isa = PBXBuildFile; fileRef = 867FD3551A19022700AE7EE4 /* Current.swift */; };
/* End PBXBuildFile section */

/* Begin PBXContainerItemProxy section */
		867FD3461A17BF3600AE7EE4 /* PBXContainerItemProxy */ = {
			isa = PBXContainerItemProxy;
			containerPortal = 867FD3281A17BF3600AE7EE4 /* Project object */;
			proxyType = 1;
			remoteGlobalIDString = 867FD32F1A17BF3600AE7EE4;
			remoteInfo = Stormy;
		};
/* End PBXContainerItemProxy section */

/* Begin PBXFileReference section */
		867FD3301A17BF3600AE7EE4 /* Stormy.app */ = {isa = PBXFileReference; explicitFileType = wrapper.application; includeInIndex = 0; path = Stormy.app; sourceTree = BUILT_PRODUCTS_DIR; };
		867FD3341A17BF3600AE7EE4 /* Info.plist */ = {isa = PBXFileReference; lastKnownFileType = text.plist.xml; path = Info.plist; sourceTree = "<group>"; };
		867FD3351A17BF3600AE7EE4 /* AppDelegate.swift */ = {isa = PBXFileReference; lastKnownFileType = sourcecode.swift; path = AppDelegate.swift; sourceTree = "<group>"; };
		867FD3371A17BF3600AE7EE4 /* ViewController.swift */ = {isa = PBXFileReference; lastKnownFileType = sourcecode.swift; path = ViewController.swift; sourceTree = "<group>"; };
		867FD33A1A17BF3600AE7EE4 /* Base */ = {isa = PBXFileReference; lastKnownFileType = file.storyboard; name = Base; path = Base.lproj/Main.storyboard; sourceTree = "<group>"; };
		867FD33C1A17BF3600AE7EE4 /* Images.xcassets */ = {isa = PBXFileReference; lastKnownFileType = folder.assetcatalog; path = Images.xcassets; sourceTree = "<group>"; };
		867FD33F1A17BF3600AE7EE4 /* Base */ = {isa = PBXFileReference; lastKnownFileType = file.xib; name = Base; path = Base.lproj/LaunchScreen.xib; sourceTree = "<group>"; };
		867FD3451A17BF3600AE7EE4 /* StormyTests.xctest */ = {isa = PBXFileReference; explicitFileType = wrapper.cfbundle; includeInIndex = 0; path = StormyTests.xctest; sourceTree = BUILT_PRODUCTS_DIR; };
		867FD34A1A17BF3600AE7EE4 /* Info.plist */ = {isa = PBXFileReference; lastKnownFileType = text.plist.xml; path = Info.plist; sourceTree = "<group>"; };
		867FD34B1A17BF3600AE7EE4 /* StormyTests.swift */ = {isa = PBXFileReference; lastKnownFileType = sourcecode.swift; path = StormyTests.swift; sourceTree = "<group>"; };
		867FD3551A19022700AE7EE4 /* Current.swift */ = {isa = PBXFileReference; fileEncoding = 4; lastKnownFileType = sourcecode.swift; path = Current.swift; sourceTree = "<group>"; };
/* End PBXFileReference section */

/* Begin PBXFrameworksBuildPhase section */
		867FD32D1A17BF3600AE7EE4 /* Frameworks */ = {
			isa = PBXFrameworksBuildPhase;
			buildActionMask = 2147483647;
			files = (
			);
			runOnlyForDeploymentPostprocessing = 0;
		};
		867FD3421A17BF3600AE7EE4 /* Frameworks */ = {
			isa = PBXFrameworksBuildPhase;
			buildActionMask = 2147483647;
			files = (
			);
			runOnlyForDeploymentPostprocessing = 0;
		};
/* End PBXFrameworksBuildPhase section */

/* Begin PBXGroup section */
		867FD3271A17BF3600AE7EE4 = {
			isa = PBXGroup;
			children = (
				867FD3321A17BF3600AE7EE4 /* Stormy */,
				867FD3481A17BF3600AE7EE4 /* StormyTests */,
				867FD3311A17BF3600AE7EE4 /* Products */,
			);
			sourceTree = "<group>";
		};
		867FD3311A17BF3600AE7EE4 /* Products */ = {
			isa = PBXGroup;
			children = (
				867FD3301A17BF3600AE7EE4 /* Stormy.app */,
				867FD3451A17BF3600AE7EE4 /* StormyTests.xctest */,
			);
			name = Products;
			sourceTree = "<group>";
		};
		867FD3321A17BF3600AE7EE4 /* Stormy */ = {
			isa = PBXGroup;
			children = (
				867FD3351A17BF3600AE7EE4 /* AppDelegate.swift */,
				867FD3371A17BF3600AE7EE4 /* ViewController.swift */,
				867FD3391A17BF3600AE7EE4 /* Main.storyboard */,
				867FD33C1A17BF3600AE7EE4 /* Images.xcassets */,
				867FD33E1A17BF3600AE7EE4 /* LaunchScreen.xib */,
				867FD3331A17BF3600AE7EE4 /* Supporting Files */,
				867FD3551A19022700AE7EE4 /* Current.swift */,
			);
			path = Stormy;
			sourceTree = "<group>";
		};
		867FD3331A17BF3600AE7EE4 /* Supporting Files */ = {
			isa = PBXGroup;
			children = (
				867FD3341A17BF3600AE7EE4 /* Info.plist */,
			);
			name = "Supporting Files";
			sourceTree = "<group>";
		};
		867FD3481A17BF3600AE7EE4 /* StormyTests */ = {
			isa = PBXGroup;
			children = (
				867FD34B1A17BF3600AE7EE4 /* StormyTests.swift */,
				867FD3491A17BF3600AE7EE4 /* Supporting Files */,
			);
			path = StormyTests;
			sourceTree = "<group>";
		};
		867FD3491A17BF3600AE7EE4 /* Supporting Files */ = {
			isa = PBXGroup;
			children = (
				867FD34A1A17BF3600AE7EE4 /* Info.plist */,
			);
			name = "Supporting Files";
			sourceTree = "<group>";
		};
/* End PBXGroup section */

/* Begin PBXNativeTarget section */
		867FD32F1A17BF3600AE7EE4 /* Stormy */ = {
			isa = PBXNativeTarget;
			buildConfigurationList = 867FD34F1A17BF3600AE7EE4 /* Build configuration list for PBXNativeTarget "Stormy" */;
			buildPhases = (
				867FD32C1A17BF3600AE7EE4 /* Sources */,
				867FD32D1A17BF3600AE7EE4 /* Frameworks */,
				867FD32E1A17BF3600AE7EE4 /* Resources */,
			);
			buildRules = (
			);
			dependencies = (
			);
			name = Stormy;
			productName = Stormy;
			productReference = 867FD3301A17BF3600AE7EE4 /* Stormy.app */;
			productType = "com.apple.product-type.application";
		};
		867FD3441A17BF3600AE7EE4 /* StormyTests */ = {
			isa = PBXNativeTarget;
			buildConfigurationList = 867FD3521A17BF3600AE7EE4 /* Build configuration list for PBXNativeTarget "StormyTests" */;
			buildPhases = (
				867FD3411A17BF3600AE7EE4 /* Sources */,
				867FD3421A17BF3600AE7EE4 /* Frameworks */,
				867FD3431A17BF3600AE7EE4 /* Resources */,
			);
			buildRules = (
			);
			dependencies = (
				867FD3471A17BF3600AE7EE4 /* PBXTargetDependency */,
			);
			name = StormyTests;
			productName = StormyTests;
			productReference = 867FD3451A17BF3600AE7EE4 /* StormyTests.xctest */;
			productType = "com.apple.product-type.bundle.unit-test";
		};
/* End PBXNativeTarget section */

/* Begin PBXProject section */
		867FD3281A17BF3600AE7EE4 /* Project object */ = {
			isa = PBXProject;
			attributes = {
				LastUpgradeCheck = 0610;
				ORGANIZATIONNAME = VS;
				TargetAttributes = {
					867FD32F1A17BF3600AE7EE4 = {
						CreatedOnToolsVersion = 6.1;
					};
					867FD3441A17BF3600AE7EE4 = {
						CreatedOnToolsVersion = 6.1;
						TestTargetID = 867FD32F1A17BF3600AE7EE4;
					};
				};
			};
			buildConfigurationList = 867FD32B1A17BF3600AE7EE4 /* Build configuration list for PBXProject "Stormy" */;
			compatibilityVersion = "Xcode 3.2";
			developmentRegion = English;
			hasScannedForEncodings = 0;
			knownRegions = (
				en,
				Base,
			);
			mainGroup = 867FD3271A17BF3600AE7EE4;
			productRefGroup = 867FD3311A17BF3600AE7EE4 /* Products */;
			projectDirPath = "";
			projectRoot = "";
			targets = (
				867FD32F1A17BF3600AE7EE4 /* Stormy */,
				867FD3441A17BF3600AE7EE4 /* StormyTests */,
			);
		};
/* End PBXProject section */

/* Begin PBXResourcesBuildPhase section */
		867FD32E1A17BF3600AE7EE4 /* Resources */ = {
			isa = PBXResourcesBuildPhase;
			buildActionMask = 2147483647;
			files = (
				867FD33B1A17BF3600AE7EE4 /* Main.storyboard in Resources */,
				867FD3401A17BF3600AE7EE4 /* LaunchScreen.xib in Resources */,
				867FD33D1A17BF3600AE7EE4 /* Images.xcassets in Resources */,
			);
			runOnlyForDeploymentPostprocessing = 0;
		};
		867FD3431A17BF3600AE7EE4 /* Resources */ = {
			isa = PBXResourcesBuildPhase;
			buildActionMask = 2147483647;
			files = (
			);
			runOnlyForDeploymentPostprocessing = 0;
		};
/* End PBXResourcesBuildPhase section */

/* Begin PBXSourcesBuildPhase section */
		867FD32C1A17BF3600AE7EE4 /* Sources */ = {
			isa = PBXSourcesBuildPhase;
			buildActionMask = 2147483647;
			files = (
				867FD3561A19022700AE7EE4 /* Current.swift in Sources */,
				867FD3381A17BF3600AE7EE4 /* ViewController.swift in Sources */,
				867FD3361A17BF3600AE7EE4 /* AppDelegate.swift in Sources */,
			);
			runOnlyForDeploymentPostprocessing = 0;
		};
		867FD3411A17BF3600AE7EE4 /* Sources */ = {
			isa = PBXSourcesBuildPhase;
			buildActionMask = 2147483647;
			files = (
				867FD34C1A17BF3600AE7EE4 /* StormyTests.swift in Sources */,
			);
			runOnlyForDeploymentPostprocessing = 0;
		};
/* End PBXSourcesBuildPhase section */

/* Begin PBXTargetDependency section */
		867FD3471A17BF3600AE7EE4 /* PBXTargetDependency */ = {
			isa = PBXTargetDependency;
			target = 867FD32F1A17BF3600AE7EE4 /* Stormy */;
			targetProxy = 867FD3461A17BF3600AE7EE4 /* PBXContainerItemProxy */;
		};
/* End PBXTargetDependency section */

/* Begin PBXVariantGroup section */
		867FD3391A17BF3600AE7EE4 /* Main.storyboard */ = {
			isa = PBXVariantGroup;
			children = (
				867FD33A1A17BF3600AE7EE4 /* Base */,
			);
			name = Main.storyboard;
			sourceTree = "<group>";
		};
		867FD33E1A17BF3600AE7EE4 /* LaunchScreen.xib */ = {
			isa = PBXVariantGroup;
			children = (
				867FD33F1A17BF3600AE7EE4 /* Base */,
			);
			name = LaunchScreen.xib;
			sourceTree = "<group>";
		};
/* End PBXVariantGroup section */

/* Begin XCBuildConfiguration section */
		867FD34D1A17BF3600AE7EE4 /* Debug */ = {
			isa = XCBuildConfiguration;
			buildSettings = {
				ALWAYS_SEARCH_USER_PATHS = NO;
				CLANG_CXX_LANGUAGE_STANDARD = "gnu++0x";
				CLANG_CXX_LIBRARY = "libc++";
				CLANG_ENABLE_MODULES = YES;
				CLANG_ENABLE_OBJC_ARC = YES;
				CLANG_WARN_BOOL_CONVERSION = YES;
				CLANG_WARN_CONSTANT_CONVERSION = YES;
				CLANG_WARN_DIRECT_OBJC_ISA_USAGE = YES_ERROR;
				CLANG_WARN_EMPTY_BODY = YES;
				CLANG_WARN_ENUM_CONVERSION = YES;
				CLANG_WARN_INT_CONVERSION = YES;
				CLANG_WARN_OBJC_ROOT_CLASS = YES_ERROR;
				CLANG_WARN_UNREACHABLE_CODE = YES;
				CLANG_WARN__DUPLICATE_METHOD_MATCH = YES;
				"CODE_SIGN_IDENTITY[sdk=iphoneos*]" = "iPhone Developer";
				COPY_PHASE_STRIP = NO;
				ENABLE_STRICT_OBJC_MSGSEND = YES;
				GCC_C_LANGUAGE_STANDARD = gnu99;
				GCC_DYNAMIC_NO_PIC = NO;
				GCC_OPTIMIZATION_LEVEL = 0;
				GCC_PREPROCESSOR_DEFINITIONS = (
					"DEBUG=1",
					"$(inherited)",
				);
				GCC_SYMBOLS_PRIVATE_EXTERN = NO;
				GCC_WARN_64_TO_32_BIT_CONVERSION = YES;
				GCC_WARN_ABOUT_RETURN_TYPE = YES_ERROR;
				GCC_WARN_UNDECLARED_SELECTOR = YES;
				GCC_WARN_UNINITIALIZED_AUTOS = YES_AGGRESSIVE;
				GCC_WARN_UNUSED_FUNCTION = YES;
				GCC_WARN_UNUSED_VARIABLE = YES;
				IPHONEOS_DEPLOYMENT_TARGET = 8.1;
				MTL_ENABLE_DEBUG_INFO = YES;
				ONLY_ACTIVE_ARCH = YES;
				SDKROOT = iphoneos;
				SWIFT_OPTIMIZATION_LEVEL = "-Onone";
				TARGETED_DEVICE_FAMILY = "1,2";
			};
			name = Debug;
		};
		867FD34E1A17BF3600AE7EE4 /* Release */ = {
			isa = XCBuildConfiguration;
			buildSettings = {
				ALWAYS_SEARCH_USER_PATHS = NO;
				CLANG_CXX_LANGUAGE_STANDARD = "gnu++0x";
				CLANG_CXX_LIBRARY = "libc++";
				CLANG_ENABLE_MODULES = YES;
				CLANG_ENABLE_OBJC_ARC = YES;
				CLANG_WARN_BOOL_CONVERSION = YES;
				CLANG_WARN_CONSTANT_CONVERSION = YES;
				CLANG_WARN_DIRECT_OBJC_ISA_USAGE = YES_ERROR;
				CLANG_WARN_EMPTY_BODY = YES;
				CLANG_WARN_ENUM_CONVERSION = YES;
				CLANG_WARN_INT_CONVERSION = YES;
				CLANG_WARN_OBJC_ROOT_CLASS = YES_ERROR;
				CLANG_WARN_UNREACHABLE_CODE = YES;
				CLANG_WARN__DUPLICATE_METHOD_MATCH = YES;
				"CODE_SIGN_IDENTITY[sdk=iphoneos*]" = "iPhone Developer";
				COPY_PHASE_STRIP = YES;
				ENABLE_NS_ASSERTIONS = NO;
				ENABLE_STRICT_OBJC_MSGSEND = YES;
				GCC_C_LANGUAGE_STANDARD = gnu99;
				GCC_WARN_64_TO_32_BIT_CONVERSION = YES;
				GCC_WARN_ABOUT_RETURN_TYPE = YES_ERROR;
				GCC_WARN_UNDECLARED_SELECTOR = YES;
				GCC_WARN_UNINITIALIZED_AUTOS = YES_AGGRESSIVE;
				GCC_WARN_UNUSED_FUNCTION = YES;
				GCC_WARN_UNUSED_VARIABLE = YES;
				IPHONEOS_DEPLOYMENT_TARGET = 8.1;
				MTL_ENABLE_DEBUG_INFO = NO;
				SDKROOT = iphoneos;
				TARGETED_DEVICE_FAMILY = "1,2";
				VALIDATE_PRODUCT = YES;
			};
			name = Release;
		};
		867FD3501A17BF3600AE7EE4 /* Debug */ = {
			isa = XCBuildConfiguration;
			buildSettings = {
				ASSETCATALOG_COMPILER_APPICON_NAME = AppIcon;
				INFOPLIST_FILE = Stormy/Info.plist;
				LD_RUNPATH_SEARCH_PATHS = "$(inherited) @executable_path/Frameworks";
				PRODUCT_NAME = "$(TARGET_NAME)";
			};
			name = Debug;
		};
		867FD3511A17BF3600AE7EE4 /* Release */ = {
			isa = XCBuildConfiguration;
			buildSettings = {
				ASSETCATALOG_COMPILER_APPICON_NAME = AppIcon;
				INFOPLIST_FILE = Stormy/Info.plist;
				LD_RUNPATH_SEARCH_PATHS = "$(inherited) @executable_path/Frameworks";
				PRODUCT_NAME = "$(TARGET_NAME)";
			};
			name = Release;
		};
		867FD3531A17BF3600AE7EE4 /* Debug */ = {
			isa = XCBuildConfiguration;
			buildSettings = {
				BUNDLE_LOADER = "$(TEST_HOST)";
				FRAMEWORK_SEARCH_PATHS = (
					"$(SDKROOT)/Developer/Library/Frameworks",
					"$(inherited)",
				);
				GCC_PREPROCESSOR_DEFINITIONS = (
					"DEBUG=1",
					"$(inherited)",
				);
				INFOPLIST_FILE = StormyTests/Info.plist;
				LD_RUNPATH_SEARCH_PATHS = "$(inherited) @executable_path/Frameworks @loader_path/Frameworks";
				PRODUCT_NAME = "$(TARGET_NAME)";
				TEST_HOST = "$(BUILT_PRODUCTS_DIR)/Stormy.app/Stormy";
			};
			name = Debug;
		};
		867FD3541A17BF3600AE7EE4 /* Release */ = {
			isa = XCBuildConfiguration;
			buildSettings = {
				BUNDLE_LOADER = "$(TEST_HOST)";
				FRAMEWORK_SEARCH_PATHS = (
					"$(SDKROOT)/Developer/Library/Frameworks",
					"$(inherited)",
				);
				INFOPLIST_FILE = StormyTests/Info.plist;
				LD_RUNPATH_SEARCH_PATHS = "$(inherited) @executable_path/Frameworks @loader_path/Frameworks";
				PRODUCT_NAME = "$(TARGET_NAME)";
				TEST_HOST = "$(BUILT_PRODUCTS_DIR)/Stormy.app/Stormy";
			};
			name = Release;
		};
/* End XCBuildConfiguration section */

/* Begin XCConfigurationList section */
		867FD32B1A17BF3600AE7EE4 /* Build configuration list for PBXProject "Stormy" */ = {
			isa = XCConfigurationList;
			buildConfigurations = (
				867FD34D1A17BF3600AE7EE4 /* Debug */,
				867FD34E1A17BF3600AE7EE4 /* Release */,
			);
			defaultConfigurationIsVisible = 0;
			defaultConfigurationName = Release;
		};
		867FD34F1A17BF3600AE7EE4 /* Build configuration list for PBXNativeTarget "Stormy" */ = {
			isa = XCConfigurationList;
			buildConfigurations = (
				867FD3501A17BF3600AE7EE4 /* Debug */,
				867FD3511A17BF3600AE7EE4 /* Release */,
			);
			defaultConfigurationIsVisible = 0;
		};
		867FD3521A17BF3600AE7EE4 /* Build configuration list for PBXNativeTarget "StormyTests" */ = {
			isa = XCConfigurationList;
			buildConfigurations = (
				867FD3531A17BF3600AE7EE4 /* Debug */,
				867FD3541A17BF3600AE7EE4 /* Release */,
			);
			defaultConfigurationIsVisible = 0;
		};
/* End XCConfigurationList section */
	};
	rootObject = 867FD3281A17BF3600AE7EE4 /* Project object */;
}
